
Microsoft Visual Studio Solution File, Format Version 12.00
# Visual Studio 15
VisualStudioVersion = 15.0.27703.2000
MinimumVisualStudioVersion = 10.0.40219.1
Project("{FAE04EC0-301F-11D3-BF4B-00C04F79EFBC}") = "AngularTokenBaseAuthencation", "AngularTokenBaseAuthencation\AngularTokenBaseAuthencation.csproj", "{3899D785-231E-4A48-B2FA-C3AF185542AD}"
EndProject
Global
	GlobalSection(SolutionConfigurationPlatforms) = preSolution
		Debug|Any CPU = Debug|Any CPU
		Release|Any CPU = Release|Any CPU
	EndGlobalSection
	GlobalSection(ProjectConfigurationPlatforms) = postSolution
		{3899D785-231E-4A48-B2FA-C3AF185542AD}.Debug|Any CPU.ActiveCfg = Debug|Any CPU
		{3899D785-231E-4A48-B2FA-C3AF185542AD}.Debug|Any CPU.Build.0 = Debug|Any CPU
		{3899D785-231E-4A48-B2FA-C3AF185542AD}.Release|Any CPU.ActiveCfg = Release|Any CPU
		{3899D785-231E-4A48-B2FA-C3AF185542AD}.Release|Any CPU.Build.0 = Release|Any CPU
	EndGlobalSection
	GlobalSection(SolutionProperties) = preSolution
		HideSolutionNode = FALSE
	EndGlobalSection
	GlobalSection(ExtensibilityGlobals) = postSolution
		SolutionGuid = {5ED63A27-8EF5-4C0F-8CAE-5012B5DF6C21}
	EndGlobalSection
EndGlobal
